// !$*UTF8*$!
{
	archiveVersion = 1;
	classes = {
	};
	objectVersion = 50;
	objects = {

/* Begin PBXBuildFile section */
		488FDA7E22FAB43D0049FF60 /* AppDelegate.swift in Sources */ = {isa = PBXBuildFile; fileRef = 488FDA7D22FAB43D0049FF60 /* AppDelegate.swift */; };
		488FDA8022FAB43D0049FF60 /* ViewController.swift in Sources */ = {isa = PBXBuildFile; fileRef = 488FDA7F22FAB43D0049FF60 /* ViewController.swift */; };
		488FDA8322FAB43D0049FF60 /* Main.storyboard in Resources */ = {isa = PBXBuildFile; fileRef = 488FDA8122FAB43D0049FF60 /* Main.storyboard */; };
		488FDA8522FAB4400049FF60 /* Assets.xcassets in Resources */ = {isa = PBXBuildFile; fileRef = 488FDA8422FAB4400049FF60 /* Assets.xcassets */; };
		488FDA8822FAB4400049FF60 /* LaunchScreen.storyboard in Resources */ = {isa = PBXBuildFile; fileRef = 488FDA8622FAB4400049FF60 /* LaunchScreen.storyboard */; };
		488FDA9322FAB4400049FF60 /* CFiAdMaglevSwiftSampleTests.swift in Sources */ = {isa = PBXBuildFile; fileRef = 488FDA9222FAB4400049FF60 /* CFiAdMaglevSwiftSampleTests.swift */; };
		488FDA9E22FAB4400049FF60 /* CFiAdMaglevSwiftSampleUITests.swift in Sources */ = {isa = PBXBuildFile; fileRef = 488FDA9D22FAB4400049FF60 /* CFiAdMaglevSwiftSampleUITests.swift */; };
		488FDAAC22FAB4970049FF60 /* iMFAD.framework in Frameworks */ = {isa = PBXBuildFile; fileRef = 488FDAAB22FAB4970049FF60 /* iMFAD.framework */; };
/* End PBXBuildFile section */

/* Begin PBXContainerItemProxy section */
		488FDA8F22FAB4400049FF60 /* PBXContainerItemProxy */ = {
			isa = PBXContainerItemProxy;
			containerPortal = 488FDA7222FAB43D0049FF60 /* Project object */;
			proxyType = 1;
			remoteGlobalIDString = 488FDA7922FAB43D0049FF60;
			remoteInfo = CFiAdMaglevSwiftSample;
		};
		488FDA9A22FAB4400049FF60 /* PBXContainerItemProxy */ = {
			isa = PBXContainerItemProxy;
			containerPortal = 488FDA7222FAB43D0049FF60 /* Project object */;
			proxyType = 1;
			remoteGlobalIDString = 488FDA7922FAB43D0049FF60;
			remoteInfo = CFiAdMaglevSwiftSample;
		};
/* End PBXContainerItemProxy section */

/* Begin PBXFileReference section */
		488FDA7A22FAB43D0049FF60 /* CFiAdMaglevSwiftSample.app */ = {isa = PBXFileReference; explicitFileType = wrapper.application; includeInIndex = 0; path = CFiAdMaglevSwiftSample.app; sourceTree = BUILT_PRODUCTS_DIR; };
		488FDA7D22FAB43D0049FF60 /* AppDelegate.swift */ = {isa = PBXFileReference; lastKnownFileType = sourcecode.swift; path = AppDelegate.swift; sourceTree = "<group>"; };
		488FDA7F22FAB43D0049FF60 /* ViewController.swift */ = {isa = PBXFileReference; lastKnownFileType = sourcecode.swift; path = ViewController.swift; sourceTree = "<group>"; };
		488FDA8222FAB43D0049FF60 /* Base */ = {isa = PBXFileReference; lastKnownFileType = file.storyboard; name = Base; path = Base.lproj/Main.storyboard; sourceTree = "<group>"; };
		488FDA8422FAB4400049FF60 /* Assets.xcassets */ = {isa = PBXFileReference; lastKnownFileType = folder.assetcatalog; path = Assets.xcassets; sourceTree = "<group>"; };
		488FDA8722FAB4400049FF60 /* Base */ = {isa = PBXFileReference; lastKnownFileType = file.storyboard; name = Base; path = Base.lproj/LaunchScreen.storyboard; sourceTree = "<group>"; };
		488FDA8922FAB4400049FF60 /* Info.plist */ = {isa = PBXFileReference; lastKnownFileType = text.plist.xml; path = Info.plist; sourceTree = "<group>"; };
		488FDA8E22FAB4400049FF60 /* CFiAdMaglevSwiftSampleTests.xctest */ = {isa = PBXFileReference; explicitFileType = wrapper.cfbundle; includeInIndex = 0; path = CFiAdMaglevSwiftSampleTests.xctest; sourceTree = BUILT_PRODUCTS_DIR; };
		488FDA9222FAB4400049FF60 /* CFiAdMaglevSwiftSampleTests.swift */ = {isa = PBXFileReference; lastKnownFileType = sourcecode.swift; path = CFiAdMaglevSwiftSampleTests.swift; sourceTree = "<group>"; };
		488FDA9422FAB4400049FF60 /* Info.plist */ = {isa = PBXFileReference; lastKnownFileType = text.plist.xml; path = Info.plist; sourceTree = "<group>"; };
		488FDA9922FAB4400049FF60 /* CFiAdMaglevSwiftSampleUITests.xctest */ = {isa = PBXFileReference; explicitFileType = wrapper.cfbundle; includeInIndex = 0; path = CFiAdMaglevSwiftSampleUITests.xctest; sourceTree = BUILT_PRODUCTS_DIR; };
		488FDA9D22FAB4400049FF60 /* CFiAdMaglevSwiftSampleUITests.swift */ = {isa = PBXFileReference; lastKnownFileType = sourcecode.swift; path = CFiAdMaglevSwiftSampleUITests.swift; sourceTree = "<group>"; };
		488FDA9F22FAB4400049FF60 /* Info.plist */ = {isa = PBXFileReference; lastKnownFileType = text.plist.xml; path = Info.plist; sourceTree = "<group>"; };
		488FDAAB22FAB4970049FF60 /* iMFAD.framework */ = {isa = PBXFileReference; lastKnownFileType = wrapper.framework; path = iMFAD.framework; sourceTree = "<group>"; };
		488FDAAD22FAB4C50049FF60 /* CFiAdMaglevSwiftSample-Bridging-Header.h */ = {isa = PBXFileReference; lastKnownFileType = sourcecode.c.h; path = "CFiAdMaglevSwiftSample-Bridging-Header.h"; sourceTree = "<group>"; };
/* End PBXFileReference section */

/* Begin PBXFrameworksBuildPhase section */
		488FDA7722FAB43D0049FF60 /* Frameworks */ = {
			isa = PBXFrameworksBuildPhase;
			buildActionMask = 2147483647;
			files = (
				488FDAAC22FAB4970049FF60 /* iMFAD.framework in Frameworks */,
			);
			runOnlyForDeploymentPostprocessing = 0;
		};
		488FDA8B22FAB4400049FF60 /* Frameworks */ = {
			isa = PBXFrameworksBuildPhase;
			buildActionMask = 2147483647;
			files = (
			);
			runOnlyForDeploymentPostprocessing = 0;
		};
		488FDA9622FAB4400049FF60 /* Frameworks */ = {
			isa = PBXFrameworksBuildPhase;
			buildActionMask = 2147483647;
			files = (
			);
			runOnlyForDeploymentPostprocessing = 0;
		};
/* End PBXFrameworksBuildPhase section */

/* Begin PBXGroup section */
		488FDA7122FAB43D0049FF60 = {
			isa = PBXGroup;
			children = (
				488FDA7C22FAB43D0049FF60 /* CFiAdMaglevSwiftSample */,
				488FDA9122FAB4400049FF60 /* CFiAdMaglevSwiftSampleTests */,
				488FDA9C22FAB4400049FF60 /* CFiAdMaglevSwiftSampleUITests */,
				488FDA7B22FAB43D0049FF60 /* Products */,
			);
			sourceTree = "<group>";
		};
		488FDA7B22FAB43D0049FF60 /* Products */ = {
			isa = PBXGroup;
			children = (
				488FDA7A22FAB43D0049FF60 /* CFiAdMaglevSwiftSample.app */,
				488FDA8E22FAB4400049FF60 /* CFiAdMaglevSwiftSampleTests.xctest */,
				488FDA9922FAB4400049FF60 /* CFiAdMaglevSwiftSampleUITests.xctest */,
			);
			name = Products;
			sourceTree = "<group>";
		};
		488FDA7C22FAB43D0049FF60 /* CFiAdMaglevSwiftSample */ = {
			isa = PBXGroup;
			children = (
				488FDAAB22FAB4970049FF60 /* iMFAD.framework */,
				488FDA7D22FAB43D0049FF60 /* AppDelegate.swift */,
				488FDA7F22FAB43D0049FF60 /* ViewController.swift */,
				488FDA8122FAB43D0049FF60 /* Main.storyboard */,
				488FDA8422FAB4400049FF60 /* Assets.xcassets */,
				488FDA8622FAB4400049FF60 /* LaunchScreen.storyboard */,
				488FDA8922FAB4400049FF60 /* Info.plist */,
				488FDAAD22FAB4C50049FF60 /* CFiAdMaglevSwiftSample-Bridging-Header.h */,
			);
			path = CFiAdMaglevSwiftSample;
			sourceTree = "<group>";
		};
		488FDA9122FAB4400049FF60 /* CFiAdMaglevSwiftSampleTests */ = {
			isa = PBXGroup;
			children = (
				488FDA9222FAB4400049FF60 /* CFiAdMaglevSwiftSampleTests.swift */,
				488FDA9422FAB4400049FF60 /* Info.plist */,
			);
			path = CFiAdMaglevSwiftSampleTests;
			sourceTree = "<group>";
		};
		488FDA9C22FAB4400049FF60 /* CFiAdMaglevSwiftSampleUITests */ = {
			isa = PBXGroup;
			children = (
				488FDA9D22FAB4400049FF60 /* CFiAdMaglevSwiftSampleUITests.swift */,
				488FDA9F22FAB4400049FF60 /* Info.plist */,
			);
			path = CFiAdMaglevSwiftSampleUITests;
			sourceTree = "<group>";
		};
/* End PBXGroup section */

/* Begin PBXNativeTarget section */
		488FDA7922FAB43D0049FF60 /* CFiAdMaglevSwiftSample */ = {
			isa = PBXNativeTarget;
			buildConfigurationList = 488FDAA222FAB4400049FF60 /* Build configuration list for PBXNativeTarget "CFiAdMaglevSwiftSample" */;
			buildPhases = (
				488FDA7622FAB43D0049FF60 /* Sources */,
				488FDA7722FAB43D0049FF60 /* Frameworks */,
				488FDA7822FAB43D0049FF60 /* Resources */,
			);
			buildRules = (
			);
			dependencies = (
			);
			name = CFiAdMaglevSwiftSample;
			productName = CFiAdMaglevSwiftSample;
			productReference = 488FDA7A22FAB43D0049FF60 /* CFiAdMaglevSwiftSample.app */;
			productType = "com.apple.product-type.application";
		};
		488FDA8D22FAB4400049FF60 /* CFiAdMaglevSwiftSampleTests */ = {
			isa = PBXNativeTarget;
			buildConfigurationList = 488FDAA522FAB4400049FF60 /* Build configuration list for PBXNativeTarget "CFiAdMaglevSwiftSampleTests" */;
			buildPhases = (
				488FDA8A22FAB4400049FF60 /* Sources */,
				488FDA8B22FAB4400049FF60 /* Frameworks */,
				488FDA8C22FAB4400049FF60 /* Resources */,
			);
			buildRules = (
			);
			dependencies = (
				488FDA9022FAB4400049FF60 /* PBXTargetDependency */,
			);
			name = CFiAdMaglevSwiftSampleTests;
			productName = CFiAdMaglevSwiftSampleTests;
			productReference = 488FDA8E22FAB4400049FF60 /* CFiAdMaglevSwiftSampleTests.xctest */;
			productType = "com.apple.product-type.bundle.unit-test";
		};
		488FDA9822FAB4400049FF60 /* CFiAdMaglevSwiftSampleUITests */ = {
			isa = PBXNativeTarget;
			buildConfigurationList = 488FDAA822FAB4400049FF60 /* Build configuration list for PBXNativeTarget "CFiAdMaglevSwiftSampleUITests" */;
			buildPhases = (
				488FDA9522FAB4400049FF60 /* Sources */,
				488FDA9622FAB4400049FF60 /* Frameworks */,
				488FDA9722FAB4400049FF60 /* Resources */,
			);
			buildRules = (
			);
			dependencies = (
				488FDA9B22FAB4400049FF60 /* PBXTargetDependency */,
			);
			name = CFiAdMaglevSwiftSampleUITests;
			productName = CFiAdMaglevSwiftSampleUITests;
			productReference = 488FDA9922FAB4400049FF60 /* CFiAdMaglevSwiftSampleUITests.xctest */;
			productType = "com.apple.product-type.bundle.ui-testing";
		};
/* End PBXNativeTarget section */

/* Begin PBXProject section */
		488FDA7222FAB43D0049FF60 /* Project object */ = {
			isa = PBXProject;
			attributes = {
				LastSwiftUpdateCheck = 1010;
				LastUpgradeCheck = 1010;
				ORGANIZATIONNAME = "CF-NB";
				TargetAttributes = {
					488FDA7922FAB43D0049FF60 = {
						CreatedOnToolsVersion = 10.1;
					};
					488FDA8D22FAB4400049FF60 = {
						CreatedOnToolsVersion = 10.1;
						TestTargetID = 488FDA7922FAB43D0049FF60;
					};
					488FDA9822FAB4400049FF60 = {
						CreatedOnToolsVersion = 10.1;
						TestTargetID = 488FDA7922FAB43D0049FF60;
					};
				};
			};
			buildConfigurationList = 488FDA7522FAB43D0049FF60 /* Build configuration list for PBXProject "CFiAdMaglevSwiftSample" */;
			compatibilityVersion = "Xcode 9.3";
			developmentRegion = en;
			hasScannedForEncodings = 0;
			knownRegions = (
				en,
				Base,
			);
			mainGroup = 488FDA7122FAB43D0049FF60;
			productRefGroup = 488FDA7B22FAB43D0049FF60 /* Products */;
			projectDirPath = "";
			projectRoot = "";
			targets = (
				488FDA7922FAB43D0049FF60 /* CFiAdMaglevSwiftSample */,
				488FDA8D22FAB4400049FF60 /* CFiAdMaglevSwiftSampleTests */,
				488FDA9822FAB4400049FF60 /* CFiAdMaglevSwiftSampleUITests */,
			);
		};
/* End PBXProject section */

/* Begin PBXResourcesBuildPhase section */
		488FDA7822FAB43D0049FF60 /* Resources */ = {
			isa = PBXResourcesBuildPhase;
			buildActionMask = 2147483647;
			files = (
				488FDA8822FAB4400049FF60 /* LaunchScreen.storyboard in Resources */,
				488FDA8522FAB4400049FF60 /* Assets.xcassets in Resources */,
				488FDA8322FAB43D0049FF60 /* Main.storyboard in Resources */,
			);
			runOnlyForDeploymentPostprocessing = 0;
		};
		488FDA8C22FAB4400049FF60 /* Resources */ = {
			isa = PBXResourcesBuildPhase;
			buildActionMask = 2147483647;
			files = (
			);
			runOnlyForDeploymentPostprocessing = 0;
		};
		488FDA9722FAB4400049FF60 /* Resources */ = {
			isa = PBXResourcesBuildPhase;
			buildActionMask = 2147483647;
			files = (
			);
			runOnlyForDeploymentPostprocessing = 0;
		};
/* End PBXResourcesBuildPhase section */

/* Begin PBXSourcesBuildPhase section */
		488FDA7622FAB43D0049FF60 /* Sources */ = {
			isa = PBXSourcesBuildPhase;
			buildActionMask = 2147483647;
			files = (
				488FDA8022FAB43D0049FF60 /* ViewController.swift in Sources */,
				488FDA7E22FAB43D0049FF60 /* AppDelegate.swift in Sources */,
			);
			runOnlyForDeploymentPostprocessing = 0;
		};
		488FDA8A22FAB4400049FF60 /* Sources */ = {
			isa = PBXSourcesBuildPhase;
			buildActionMask = 2147483647;
			files = (
				488FDA9322FAB4400049FF60 /* CFiAdMaglevSwiftSampleTests.swift in Sources */,
			);
			runOnlyForDeploymentPostprocessing = 0;
		};
		488FDA9522FAB4400049FF60 /* Sources */ = {
			isa = PBXSourcesBuildPhase;
			buildActionMask = 2147483647;
			files = (
				488FDA9E22FAB4400049FF60 /* CFiAdMaglevSwiftSampleUITests.swift in Sources */,
			);
			runOnlyForDeploymentPostprocessing = 0;
		};
/* End PBXSourcesBuildPhase section */

/* Begin PBXTargetDependency section */
		488FDA9022FAB4400049FF60 /* PBXTargetDependency */ = {
			isa = PBXTargetDependency;
			target = 488FDA7922FAB43D0049FF60 /* CFiAdMaglevSwiftSample */;
			targetProxy = 488FDA8F22FAB4400049FF60 /* PBXContainerItemProxy */;
		};
		488FDA9B22FAB4400049FF60 /* PBXTargetDependency */ = {
			isa = PBXTargetDependency;
			target = 488FDA7922FAB43D0049FF60 /* CFiAdMaglevSwiftSample */;
			targetProxy = 488FDA9A22FAB4400049FF60 /* PBXContainerItemProxy */;
		};
/* End PBXTargetDependency section */

/* Begin PBXVariantGroup section */
		488FDA8122FAB43D0049FF60 /* Main.storyboard */ = {
			isa = PBXVariantGroup;
			children = (
				488FDA8222FAB43D0049FF60 /* Base */,
			);
			name = Main.storyboard;
			sourceTree = "<group>";
		};
		488FDA8622FAB4400049FF60 /* LaunchScreen.storyboard */ = {
			isa = PBXVariantGroup;
			children = (
				488FDA8722FAB4400049FF60 /* Base */,
			);
			name = LaunchScreen.storyboard;
			sourceTree = "<group>";
		};
/* End PBXVariantGroup section */

/* Begin XCBuildConfiguration section */
		488FDAA022FAB4400049FF60 /* Debug */ = {
			isa = XCBuildConfiguration;
			buildSettings = {
				ALWAYS_SEARCH_USER_PATHS = NO;
				CLANG_ANALYZER_NONNULL = YES;
				CLANG_ANALYZER_NUMBER_OBJECT_CONVERSION = YES_AGGRESSIVE;
				CLANG_CXX_LANGUAGE_STANDARD = "gnu++14";
				CLANG_CXX_LIBRARY = "libc++";
				CLANG_ENABLE_MODULES = YES;
				CLANG_ENABLE_OBJC_ARC = YES;
				CLANG_ENABLE_OBJC_WEAK = YES;
				CLANG_WARN_BLOCK_CAPTURE_AUTORELEASING = YES;
				CLANG_WARN_BOOL_CONVERSION = YES;
				CLANG_WARN_COMMA = YES;
				CLANG_WARN_CONSTANT_CONVERSION = YES;
				CLANG_WARN_DEPRECATED_OBJC_IMPLEMENTATIONS = YES;
				CLANG_WARN_DIRECT_OBJC_ISA_USAGE = YES_ERROR;
				CLANG_WARN_DOCUMENTATION_COMMENTS = YES;
				CLANG_WARN_EMPTY_BODY = YES;
				CLANG_WARN_ENUM_CONVERSION = YES;
				CLANG_WARN_INFINITE_RECURSION = YES;
				CLANG_WARN_INT_CONVERSION = YES;
				CLANG_WARN_NON_LITERAL_NULL_CONVERSION = YES;
				CLANG_WARN_OBJC_IMPLICIT_RETAIN_SELF = YES;
				CLANG_WARN_OBJC_LITERAL_CONVERSION = YES;
				CLANG_WARN_OBJC_ROOT_CLASS = YES_ERROR;
				CLANG_WARN_RANGE_LOOP_ANALYSIS = YES;
				CLANG_WARN_STRICT_PROTOTYPES = YES;
				CLANG_WARN_SUSPICIOUS_MOVE = YES;
				CLANG_WARN_UNGUARDED_AVAILABILITY = YES_AGGRESSIVE;
				CLANG_WARN_UNREACHABLE_CODE = YES;
				CLANG_WARN__DUPLICATE_METHOD_MATCH = YES;
				CODE_SIGN_IDENTITY = "iPhone Developer";
				COPY_PHASE_STRIP = NO;
				DEBUG_INFORMATION_FORMAT = dwarf;
				ENABLE_STRICT_OBJC_MSGSEND = YES;
				ENABLE_TESTABILITY = YES;
				GCC_C_LANGUAGE_STANDARD = gnu11;
				GCC_DYNAMIC_NO_PIC = NO;
				GCC_NO_COMMON_BLOCKS = YES;
				GCC_OPTIMIZATION_LEVEL = 0;
				GCC_PREPROCESSOR_DEFINITIONS = (
					"DEBUG=1",
					"$(inherited)",
				);
				GCC_WARN_64_TO_32_BIT_CONVERSION = YES;
				GCC_WARN_ABOUT_RETURN_TYPE = YES_ERROR;
				GCC_WARN_UNDECLARED_SELECTOR = YES;
				GCC_WARN_UNINITIALIZED_AUTOS = YES_AGGRESSIVE;
				GCC_WARN_UNUSED_FUNCTION = YES;
				GCC_WARN_UNUSED_VARIABLE = YES;
				IPHONEOS_DEPLOYMENT_TARGET = 10.3;
				MTL_ENABLE_DEBUG_INFO = INCLUDE_SOURCE;
				MTL_FAST_MATH = YES;
				ONLY_ACTIVE_ARCH = YES;
				SDKROOT = iphoneos;
				SWIFT_ACTIVE_COMPILATION_CONDITIONS = DEBUG;
				SWIFT_OPTIMIZATION_LEVEL = "-Onone";
			};
			name = Debug;
		};
		488FDAA122FAB4400049FF60 /* Release */ = {
			isa = XCBuildConfiguration;
			buildSettings = {
				ALWAYS_SEARCH_USER_PATHS = NO;
				CLANG_ANALYZER_NONNULL = YES;
				CLANG_ANALYZER_NUMBER_OBJECT_CONVERSION = YES_AGGRESSIVE;
				CLANG_CXX_LANGUAGE_STANDARD = "gnu++14";
				CLANG_CXX_LIBRARY = "libc++";
				CLANG_ENABLE_MODULES = YES;
				CLANG_ENABLE_OBJC_ARC = YES;
				CLANG_ENABLE_OBJC_WEAK = YES;
				CLANG_WARN_BLOCK_CAPTURE_AUTORELEASING = YES;
				CLANG_WARN_BOOL_CONVERSION = YES;
				CLANG_WARN_COMMA = YES;
				CLANG_WARN_CONSTANT_CONVERSION = YES;
				CLANG_WARN_DEPRECATED_OBJC_IMPLEMENTATIONS = YES;
				CLANG_WARN_DIRECT_OBJC_ISA_USAGE = YES_ERROR;
				CLANG_WARN_DOCUMENTATION_COMMENTS = YES;
				CLANG_WARN_EMPTY_BODY = YES;
				CLANG_WARN_ENUM_CONVERSION = YES;
				CLANG_WARN_INFINITE_RECURSION = YES;
				CLANG_WARN_INT_CONVERSION = YES;
				CLANG_WARN_NON_LITERAL_NULL_CONVERSION = YES;
				CLANG_WARN_OBJC_IMPLICIT_RETAIN_SELF = YES;
				CLANG_WARN_OBJC_LITERAL_CONVERSION = YES;
				CLANG_WARN_OBJC_ROOT_CLASS = YES_ERROR;
				CLANG_WARN_RANGE_LOOP_ANALYSIS = YES;
				CLANG_WARN_STRICT_PROTOTYPES = YES;
				CLANG_WARN_SUSPICIOUS_MOVE = YES;
				CLANG_WARN_UNGUARDED_AVAILABILITY = YES_AGGRESSIVE;
				CLANG_WARN_UNREACHABLE_CODE = YES;
				CLANG_WARN__DUPLICATE_METHOD_MATCH = YES;
				CODE_SIGN_IDENTITY = "iPhone Developer";
				COPY_PHASE_STRIP = NO;
				DEBUG_INFORMATION_FORMAT = "dwarf-with-dsym";
				ENABLE_NS_ASSERTIONS = NO;
				ENABLE_STRICT_OBJC_MSGSEND = YES;
				GCC_C_LANGUAGE_STANDARD = gnu11;
				GCC_NO_COMMON_BLOCKS = YES;
				GCC_WARN_64_TO_32_BIT_CONVERSION = YES;
				GCC_WARN_ABOUT_RETURN_TYPE = YES_ERROR;
				GCC_WARN_UNDECLARED_SELECTOR = YES;
				GCC_WARN_UNINITIALIZED_AUTOS = YES_AGGRESSIVE;
				GCC_WARN_UNUSED_FUNCTION = YES;
				GCC_WARN_UNUSED_VARIABLE = YES;
				IPHONEOS_DEPLOYMENT_TARGET = 10.3;
				MTL_ENABLE_DEBUG_INFO = NO;
				MTL_FAST_MATH = YES;
				SDKROOT = iphoneos;
				SWIFT_COMPILATION_MODE = wholemodule;
				SWIFT_OPTIMIZATION_LEVEL = "-O";
				VALIDATE_PRODUCT = YES;
			};
			name = Release;
		};
		488FDAA322FAB4400049FF60 /* Debug */ = {
			isa = XCBuildConfiguration;
			buildSettings = {
				ASSETCATALOG_COMPILER_APPICON_NAME = AppIcon;
				CODE_SIGN_STYLE = Automatic;
				DEFINES_MODULE = YES;
				DEVELOPMENT_TEAM = 8Q3LY5VL5Q;
				FRAMEWORK_SEARCH_PATHS = (
					"$(inherited)",
					"$(PROJECT_DIR)/CFiAdMaglevSwiftSample",
				);
				INFOPLIST_FILE = CFiAdMaglevSwiftSample/Info.plist;
				LD_RUNPATH_SEARCH_PATHS = (
					"$(inherited)",
					"@executable_path/Frameworks",
				);
				OTHER_LDFLAGS = (
					"-ObjC",
					"-all_load",
				);
				PRODUCT_BUNDLE_IDENTIFIER = com.cf.CFiAdMaglevSwiftSample;
				PRODUCT_NAME = "$(TARGET_NAME)";
				SWIFT_OBJC_BRIDGING_HEADER = "$(SRCROOT)/CFiAdMaglevSwiftSample/CFiAdMaglevSwiftSample-Bridging-Header.h";
				SWIFT_VERSION = 4.2;
				TARGETED_DEVICE_FAMILY = "1,2";
			};
			name = Debug;
		};
		488FDAA422FAB4400049FF60 /* Release */ = {
			isa = XCBuildConfiguration;
			buildSettings = {
				ASSETCATALOG_COMPILER_APPICON_NAME = AppIcon;
				CODE_SIGN_STYLE = Automatic;
				DEFINES_MODULE = YES;
				DEVELOPMENT_TEAM = 8Q3LY5VL5Q;
				FRAMEWORK_SEARCH_PATHS = (
					"$(inherited)",
					"$(PROJECT_DIR)/CFiAdMaglevSwiftSample",
				);
				INFOPLIST_FILE = CFiAdMaglevSwiftSample/Info.plist;
				LD_RUNPATH_SEARCH_PATHS = (
					"$(inherited)",
					"@executable_path/Frameworks",
				);
				OTHER_LDFLAGS = (
					"-ObjC",
					"-all_load",
				);
				PRODUCT_BUNDLE_IDENTIFIER = com.cf.CFiAdMaglevSwiftSample;
				PRODUCT_NAME = "$(TARGET_NAME)";
				SWIFT_OBJC_BRIDGING_HEADER = "$(SRCROOT)/CFiAdMaglevSwiftSample/CFiAdMaglevSwiftSample-Bridging-Header.h";
				SWIFT_VERSION = 4.2;
				TARGETED_DEVICE_FAMILY = "1,2";
			};
			name = Release;
		};
		488FDAA622FAB4400049FF60 /* Debug */ = {
			isa = XCBuildConfiguration;
			buildSettings = {
				ALWAYS_EMBED_SWIFT_STANDARD_LIBRARIES = YES;
				BUNDLE_LOADER = "$(TEST_HOST)";
				CODE_SIGN_STYLE = Automatic;
				DEVELOPMENT_TEAM = 8Q3LY5VL5Q;
				INFOPLIST_FILE = CFiAdMaglevSwiftSampleTests/Info.plist;
				LD_RUNPATH_SEARCH_PATHS = (
					"$(inherited)",
					"@executable_path/Frameworks",
					"@loader_path/Frameworks",
				);
				PRODUCT_BUNDLE_IDENTIFIER = com.cf.CFiAdMaglevSwiftSampleTests;
				PRODUCT_NAME = "$(TARGET_NAME)";
				SWIFT_VERSION = 4.2;
				TARGETED_DEVICE_FAMILY = "1,2";
				TEST_HOST = "$(BUILT_PRODUCTS_DIR)/CFiAdMaglevSwiftSample.app/CFiAdMaglevSwiftSample";
			};
			name = Debug;
		};
		488FDAA722FAB4400049FF60 /* Release */ = {
			isa = XCBuildConfiguration;
			buildSettings = {
				ALWAYS_EMBED_SWIFT_STANDARD_LIBRARIES = YES;
				BUNDLE_LOADER = "$(TEST_HOST)";
				CODE_SIGN_STYLE = Automatic;
				DEVELOPMENT_TEAM = 8Q3LY5VL5Q;
				INFOPLIST_FILE = CFiAdMaglevSwiftSampleTests/Info.plist;
				LD_RUNPATH_SEARCH_PATHS = (
					"$(inherited)",
					"@executable_path/Frameworks",
					"@loader_path/Frameworks",
				);
				PRODUCT_BUNDLE_IDENTIFIER = com.cf.CFiAdMaglevSwiftSampleTests;
				PRODUCT_NAME = "$(TARGET_NAME)";
				SWIFT_VERSION = 4.2;
				TARGETED_DEVICE_FAMILY = "1,2";
				TEST_HOST = "$(BUILT_PRODUCTS_DIR)/CFiAdMaglevSwiftSample.app/CFiAdMaglevSwiftSample";
			};
			name = Release;
		};
		488FDAA922FAB4400049FF60 /* Debug */ = {
			isa = XCBuildConfiguration;
			buildSettings = {
				ALWAYS_EMBED_SWIFT_STANDARD_LIBRARIES = YES;
				CODE_SIGN_STYLE = Automatic;
				DEVELOPMENT_TEAM = 8Q3LY5VL5Q;
				INFOPLIST_FILE = CFiAdMaglevSwiftSampleUITests/Info.plist;
				LD_RUNPATH_SEARCH_PATHS = (
					"$(inherited)",
					"@executable_path/Frameworks",
					"@loader_path/Frameworks",
				);
				PRODUCT_BUNDLE_IDENTIFIER = com.cf.CFiAdMaglevSwiftSampleUITests;
				PRODUCT_NAME = "$(TARGET_NAME)";
				SWIFT_VERSION = 4.2;
				TARGETED_DEVICE_FAMILY = "1,2";
				TEST_TARGET_NAME = CFiAdMaglevSwiftSample;
			};
			name = Debug;
		};
		488FDAAA22FAB4400049FF60 /* Release */ = {
			isa = XCBuildConfiguration;
			buildSettings = {
				ALWAYS_EMBED_SWIFT_STANDARD_LIBRARIES = YES;
				CODE_SIGN_STYLE = Automatic;
				DEVELOPMENT_TEAM = 8Q3LY5VL5Q;
				INFOPLIST_FILE = CFiAdMaglevSwiftSampleUITests/Info.plist;
				LD_RUNPATH_SEARCH_PATHS = (
					"$(inherited)",
					"@executable_path/Frameworks",
					"@loader_path/Frameworks",
				);
				PRODUCT_BUNDLE_IDENTIFIER = com.cf.CFiAdMaglevSwiftSampleUITests;
				PRODUCT_NAME = "$(TARGET_NAME)";
				SWIFT_VERSION = 4.2;
				TARGETED_DEVICE_FAMILY = "1,2";
				TEST_TARGET_NAME = CFiAdMaglevSwiftSample;
			};
			name = Release;
		};
/* End XCBuildConfiguration section */

/* Begin XCConfigurationList section */
		488FDA7522FAB43D0049FF60 /* Build configuration list for PBXProject "CFiAdMaglevSwiftSample" */ = {
			isa = XCConfigurationList;
			buildConfigurations = (
				488FDAA022FAB4400049FF60 /* Debug */,
				488FDAA122FAB4400049FF60 /* Release */,
			);
			defaultConfigurationIsVisible = 0;
			defaultConfigurationName = Release;
		};
		488FDAA222FAB4400049FF60 /* Build configuration list for PBXNativeTarget "CFiAdMaglevSwiftSample" */ = {
			isa = XCConfigurationList;
			buildConfigurations = (
				488FDAA322FAB4400049FF60 /* Debug */,
				488FDAA422FAB4400049FF60 /* Release */,
			);
			defaultConfigurationIsVisible = 0;
			defaultConfigurationName = Release;
		};
		488FDAA522FAB4400049FF60 /* Build configuration list for PBXNativeTarget "CFiAdMaglevSwiftSampleTests" */ = {
			isa = XCConfigurationList;
			buildConfigurations = (
				488FDAA622FAB4400049FF60 /* Debug */,
				488FDAA722FAB4400049FF60 /* Release */,
			);
			defaultConfigurationIsVisible = 0;
			defaultConfigurationName = Release;
		};
		488FDAA822FAB4400049FF60 /* Build configuration list for PBXNativeTarget "CFiAdMaglevSwiftSampleUITests" */ = {
			isa = XCConfigurationList;
			buildConfigurations = (
				488FDAA922FAB4400049FF60 /* Debug */,
				488FDAAA22FAB4400049FF60 /* Release */,
			);
			defaultConfigurationIsVisible = 0;
			defaultConfigurationName = Release;
		};
/* End XCConfigurationList section */
	};
	rootObject = 488FDA7222FAB43D0049FF60 /* Project object */;
}
